
Microsoft Visual Studio Solution File, Format Version 12.00
# Visual Studio Version 16
VisualStudioVersion = 16.0.31729.503
MinimumVisualStudioVersion = 10.0.40219.1
Project("{FAE04EC0-301F-11D3-BF4B-00C04F79EFBC}") = "W2_Tugas_Catherine  Lim_0706022110002", "W2_Tugas_Catherine  Lim_0706022110002\W2_Tugas_Catherine  Lim_0706022110002.csproj", "{B87F39F2-F93A-4F85-875A-0331987C0BF3}"
EndProject
Global
	GlobalSection(SolutionConfigurationPlatforms) = preSolution
		Debug|Any CPU = Debug|Any CPU
		Release|Any CPU = Release|Any CPU
	EndGlobalSection
	GlobalSection(ProjectConfigurationPlatforms) = postSolution
		{B87F39F2-F93A-4F85-875A-0331987C0BF3}.Debug|Any CPU.ActiveCfg = Debug|Any CPU
		{B87F39F2-F93A-4F85-875A-0331987C0BF3}.Debug|Any CPU.Build.0 = Debug|Any CPU
		{B87F39F2-F93A-4F85-875A-0331987C0BF3}.Release|Any CPU.ActiveCfg = Release|Any CPU
		{B87F39F2-F93A-4F85-875A-0331987C0BF3}.Release|Any CPU.Build.0 = Release|Any CPU
	EndGlobalSection
	GlobalSection(SolutionProperties) = preSolution
		HideSolutionNode = FALSE
	EndGlobalSection
	GlobalSection(ExtensibilityGlobals) = postSolution
		SolutionGuid = {49BE1E3D-9371-425E-B194-745D1CF5FCDE}
	EndGlobalSection
EndGlobal
